
Microsoft Visual Studio Solution File, Format Version 12.00
# Visual Studio 15
VisualStudioVersion = 15.0.27130.2024
MinimumVisualStudioVersion = 10.0.40219.1
Project("{8BC9CEB8-8B4A-11D0-8D11-00A0C91BC942}") = "PerfMonitor", "PerfMonitor\PerfMonitor.vcxproj", "{8EAABDFC-AD23-45B9-9969-99FC40CCD62F}"
EndProject
Global
	GlobalSection(SolutionConfigurationPlatforms) = preSolution
		Debug|x64 = Debug|x64
		Release|x64 = Release|x64
	EndGlobalSection
	GlobalSection(ProjectConfigurationPlatforms) = postSolution
		{8EAABDFC-AD23-45B9-9969-99FC40CCD62F}.Debug|x64.ActiveCfg = Debug|x64
		{8EAABDFC-AD23-45B9-9969-99FC40CCD62F}.Debug|x64.Build.0 = Debug|x64
		{8EAABDFC-AD23-45B9-9969-99FC40CCD62F}.Release|x64.ActiveCfg = Release|x64
		{8EAABDFC-AD23-45B9-9969-99FC40CCD62F}.Release|x64.Build.0 = Release|x64
	EndGlobalSection
	GlobalSection(SolutionProperties) = preSolution
		HideSolutionNode = FALSE
	EndGlobalSection
	GlobalSection(ExtensibilityGlobals) = postSolution
		SolutionGuid = {330EB434-9E5A-4AD4-BDA6-61A646C1C686}
	EndGlobalSection
EndGlobal
