<?xml version="1.0" encoding="utf-8"?>
<Project ToolsVersion="4.0" xmlns="http://schemas.microsoft.com/developer/msbuild/2003">
  <ItemGroup>
    <ClCompile Include="Counters.cpp">
      <Filter>Source Files</Filter>
    </ClCompile>
    <ClCompile Include="dllmain.cpp">
      <Filter>Source Files</Filter>
    </ClCompile>
    <ClCompile Include="Indention.cpp">
      <Filter>Source Files</Filter>
    </ClCompile>
    <ClCompile Include="Utils.cpp">
      <Filter>Source Files</Filter>
    </ClCompile>
  </ItemGroup>
  <ItemGroup>
    <ClInclude Include="BreakInDestructor.h">
      <Filter>Header Files</Filter>
    </ClInclude>
    <ClInclude Include="_API.h">
      <Filter>Header Files</Filter>
    </ClInclude>
    <ClInclude Include="Counters.h">
      <Filter>Header Files</Filter>
    </ClInclude>
    <ClInclude Include="Indention.h">
      <Filter>Header Files</Filter>
    </ClInclude>
    <ClInclude Include="IObject.h">
      <Filter>Header Files</Filter>
    </ClInclude>
    <ClInclude Include="PerfMonitor.h">
      <Filter>Header Files</Filter>
    </ClInclude>
    <ClInclude Include="StringToClass.h">
      <Filter>Header Files</Filter>
    </ClInclude>
    <ClInclude Include="WriteToStream.h">
      <Filter>Header Files</Filter>
    </ClInclude>
    <ClInclude Include="Utils.h">
      <Filter>Header Files</Filter>
    </ClInclude>
    <ClInclude Include="TimeAndMemoryWatcher.h">
      <Filter>Header Files</Filter>
    </ClInclude>
  </ItemGroup>
  <ItemGroup>
    <Filter Include="Header Files">
      <UniqueIdentifier>{2bc0b834-6930-4b25-bd97-60ffbe05abf1}</UniqueIdentifier>
    </Filter>
    <Filter Include="Source Files">
      <UniqueIdentifier>{4baf741b-be21-4b01-ac52-c16d50f6b35e}</UniqueIdentifier>
    </Filter>
  </ItemGroup>
  <ItemGroup>
    <MASM Include="AsmFunctions.asm">
      <Filter>Source Files</Filter>
    </MASM>
  </ItemGroup>
  <ItemGroup>
    <None Include="Definition.def">
      <Filter>Source Files</Filter>
    </None>
  </ItemGroup>
</Project>